# THIS IS AN AUTOGENERATED FILE. DO NOT EDIT THIS FILE DIRECTLY.
# yarn lockfile v1


"commander@*":
  "integrity" "sha512-i0/MaqBtdbnJ4XQs4Pmyb+oFQl+q0lsAmokVUH92SlSw4fkeAcG3bVon+Qt7hmtF+u3Het6o4VgrcY3qAoEB6w=="
  "resolved" "https://registry.npmjs.org/commander/-/commander-9.1.0.tgz"
  "version" "9.1.0"

"mockjs@^1.1.0":
  "integrity" "sha512-eQsKcWzIaZzEZ07NuEyO4Nw65g0hdWAyurVol1IPl1gahRwY+svqzfgfey8U8dahLwG44d6/RwEzuK52rSa/JQ=="
  "resolved" "https://registry.npmjs.org/mockjs/-/mockjs-1.1.0.tgz"
  "version" "1.1.0"
  dependencies:
    "commander" "*"
